
Microsoft Visual Studio Solution File, Format Version 12.00
# Visual Studio 15
Project("{FAE04EC0-301F-11D3-BF4B-00C04F79EFBC}") = "AndroidX_Sample_V1", "AndroidX_Sample_V1\AndroidX_Sample_V1.csproj", "{2CE6C322-3F14-4EB3-B68E-5D62B83DF71E}"
EndProject
Global
	GlobalSection(SolutionConfigurationPlatforms) = preSolution
		Debug|Any CPU = Debug|Any CPU
		Release|Any CPU = Release|Any CPU
	EndGlobalSection
	GlobalSection(ProjectConfigurationPlatforms) = postSolution
		{2CE6C322-3F14-4EB3-B68E-5D62B83DF71E}.Debug|Any CPU.ActiveCfg = Debug|Any CPU
		{2CE6C322-3F14-4EB3-B68E-5D62B83DF71E}.Debug|Any CPU.Build.0 = Debug|Any CPU
		{2CE6C322-3F14-4EB3-B68E-5D62B83DF71E}.Release|Any CPU.ActiveCfg = Release|Any CPU
		{2CE6C322-3F14-4EB3-B68E-5D62B83DF71E}.Release|Any CPU.Build.0 = Release|Any CPU
	EndGlobalSection
EndGlobal
