
Microsoft Visual Studio Solution File, Format Version 12.00
# Visual Studio Version 16
VisualStudioVersion = 16.0.29728.190
MinimumVisualStudioVersion = 10.0.40219.1
Project("{FAE04EC0-301F-11D3-BF4B-00C04F79EFBC}") = "Test57.Android", "Test57.Android\Test57.Android.csproj", "{D6E5F3D6-D987-4009-AEE5-949F5C2661F9}"
EndProject
Project("{FAE04EC0-301F-11D3-BF4B-00C04F79EFBC}") = "Test57.iOS", "Test57.iOS\Test57.iOS.csproj", "{B07AE3E5-CBFB-4D8A-BD5C-165B7C898238}"
EndProject
Project("{9A19103F-16F7-4668-BE54-9A1E7A4F7556}") = "Test57", "Test57\Test57.csproj", "{6C7721E6-2DC5-47CA-A4EE-88048F79E857}"
EndProject
Project("{FAE04EC0-301F-11D3-BF4B-00C04F79EFBC}") = "Test57.AndroidNoMaterial", "Test57.AndroidNoMaterial\Test57.AndroidNoMaterial.csproj", "{D884C641-399D-4F6D-82A5-5C1B145BF913}"
EndProject
Project("{FAE04EC0-301F-11D3-BF4B-00C04F79EFBC}") = "Test57.AndroidStandardTraditional", "Test57.AndroidStandardTraditional\Test57.AndroidStandardTraditional.csproj", "{28D8301B-F28A-43F6-9265-89B3A0326135}"
EndProject
Global
	GlobalSection(SolutionConfigurationPlatforms) = preSolution
		Debug|Any CPU = Debug|Any CPU
		Debug|iPhone = Debug|iPhone
		Debug|iPhoneSimulator = Debug|iPhoneSimulator
		Release|Any CPU = Release|Any CPU
		Release|iPhone = Release|iPhone
		Release|iPhoneSimulator = Release|iPhoneSimulator
	EndGlobalSection
	GlobalSection(ProjectConfigurationPlatforms) = postSolution
		{D6E5F3D6-D987-4009-AEE5-949F5C2661F9}.Debug|Any CPU.ActiveCfg = Debug|Any CPU
		{D6E5F3D6-D987-4009-AEE5-949F5C2661F9}.Debug|Any CPU.Build.0 = Debug|Any CPU
		{D6E5F3D6-D987-4009-AEE5-949F5C2661F9}.Debug|Any CPU.Deploy.0 = Debug|Any CPU
		{D6E5F3D6-D987-4009-AEE5-949F5C2661F9}.Debug|iPhone.ActiveCfg = Debug|Any CPU
		{D6E5F3D6-D987-4009-AEE5-949F5C2661F9}.Debug|iPhone.Build.0 = Debug|Any CPU
		{D6E5F3D6-D987-4009-AEE5-949F5C2661F9}.Debug|iPhone.Deploy.0 = Debug|Any CPU
		{D6E5F3D6-D987-4009-AEE5-949F5C2661F9}.Debug|iPhoneSimulator.ActiveCfg = Debug|Any CPU
		{D6E5F3D6-D987-4009-AEE5-949F5C2661F9}.Debug|iPhoneSimulator.Build.0 = Debug|Any CPU
		{D6E5F3D6-D987-4009-AEE5-949F5C2661F9}.Debug|iPhoneSimulator.Deploy.0 = Debug|Any CPU
		{D6E5F3D6-D987-4009-AEE5-949F5C2661F9}.Release|Any CPU.ActiveCfg = Release|Any CPU
		{D6E5F3D6-D987-4009-AEE5-949F5C2661F9}.Release|Any CPU.Build.0 = Release|Any CPU
		{D6E5F3D6-D987-4009-AEE5-949F5C2661F9}.Release|Any CPU.Deploy.0 = Release|Any CPU
		{D6E5F3D6-D987-4009-AEE5-949F5C2661F9}.Release|iPhone.ActiveCfg = Release|Any CPU
		{D6E5F3D6-D987-4009-AEE5-949F5C2661F9}.Release|iPhone.Build.0 = Release|Any CPU
		{D6E5F3D6-D987-4009-AEE5-949F5C2661F9}.Release|iPhone.Deploy.0 = Release|Any CPU
		{D6E5F3D6-D987-4009-AEE5-949F5C2661F9}.Release|iPhoneSimulator.ActiveCfg = Release|Any CPU
		{D6E5F3D6-D987-4009-AEE5-949F5C2661F9}.Release|iPhoneSimulator.Build.0 = Release|Any CPU
		{D6E5F3D6-D987-4009-AEE5-949F5C2661F9}.Release|iPhoneSimulator.Deploy.0 = Release|Any CPU
		{B07AE3E5-CBFB-4D8A-BD5C-165B7C898238}.Debug|Any CPU.ActiveCfg = Debug|iPhoneSimulator
		{B07AE3E5-CBFB-4D8A-BD5C-165B7C898238}.Debug|Any CPU.Build.0 = Debug|iPhoneSimulator
		{B07AE3E5-CBFB-4D8A-BD5C-165B7C898238}.Debug|Any CPU.Deploy.0 = Debug|iPhoneSimulator
		{B07AE3E5-CBFB-4D8A-BD5C-165B7C898238}.Debug|iPhone.ActiveCfg = Debug|iPhone
		{B07AE3E5-CBFB-4D8A-BD5C-165B7C898238}.Debug|iPhone.Build.0 = Debug|iPhone
		{B07AE3E5-CBFB-4D8A-BD5C-165B7C898238}.Debug|iPhone.Deploy.0 = Debug|iPhone
		{B07AE3E5-CBFB-4D8A-BD5C-165B7C898238}.Debug|iPhoneSimulator.ActiveCfg = Debug|iPhoneSimulator
		{B07AE3E5-CBFB-4D8A-BD5C-165B7C898238}.Debug|iPhoneSimulator.Build.0 = Debug|iPhoneSimulator
		{B07AE3E5-CBFB-4D8A-BD5C-165B7C898238}.Debug|iPhoneSimulator.Deploy.0 = Debug|iPhoneSimulator
		{B07AE3E5-CBFB-4D8A-BD5C-165B7C898238}.Release|Any CPU.ActiveCfg = Release|iPhone
		{B07AE3E5-CBFB-4D8A-BD5C-165B7C898238}.Release|Any CPU.Build.0 = Release|iPhone
		{B07AE3E5-CBFB-4D8A-BD5C-165B7C898238}.Release|Any CPU.Deploy.0 = Release|iPhone
		{B07AE3E5-CBFB-4D8A-BD5C-165B7C898238}.Release|iPhone.ActiveCfg = Release|iPhone
		{B07AE3E5-CBFB-4D8A-BD5C-165B7C898238}.Release|iPhone.Build.0 = Release|iPhone
		{B07AE3E5-CBFB-4D8A-BD5C-165B7C898238}.Release|iPhone.Deploy.0 = Release|iPhone
		{B07AE3E5-CBFB-4D8A-BD5C-165B7C898238}.Release|iPhoneSimulator.ActiveCfg = Release|iPhoneSimulator
		{B07AE3E5-CBFB-4D8A-BD5C-165B7C898238}.Release|iPhoneSimulator.Build.0 = Release|iPhoneSimulator
		{B07AE3E5-CBFB-4D8A-BD5C-165B7C898238}.Release|iPhoneSimulator.Deploy.0 = Release|iPhoneSimulator
		{6C7721E6-2DC5-47CA-A4EE-88048F79E857}.Debug|Any CPU.ActiveCfg = Debug|Any CPU
		{6C7721E6-2DC5-47CA-A4EE-88048F79E857}.Debug|Any CPU.Build.0 = Debug|Any CPU
		{6C7721E6-2DC5-47CA-A4EE-88048F79E857}.Debug|Any CPU.Deploy.0 = Debug|Any CPU
		{6C7721E6-2DC5-47CA-A4EE-88048F79E857}.Debug|iPhone.ActiveCfg = Debug|Any CPU
		{6C7721E6-2DC5-47CA-A4EE-88048F79E857}.Debug|iPhone.Build.0 = Debug|Any CPU
		{6C7721E6-2DC5-47CA-A4EE-88048F79E857}.Debug|iPhone.Deploy.0 = Debug|Any CPU
		{6C7721E6-2DC5-47CA-A4EE-88048F79E857}.Debug|iPhoneSimulator.ActiveCfg = Debug|Any CPU
		{6C7721E6-2DC5-47CA-A4EE-88048F79E857}.Debug|iPhoneSimulator.Build.0 = Debug|Any CPU
		{6C7721E6-2DC5-47CA-A4EE-88048F79E857}.Debug|iPhoneSimulator.Deploy.0 = Debug|Any CPU
		{6C7721E6-2DC5-47CA-A4EE-88048F79E857}.Release|Any CPU.ActiveCfg = Release|Any CPU
		{6C7721E6-2DC5-47CA-A4EE-88048F79E857}.Release|Any CPU.Build.0 = Release|Any CPU
		{6C7721E6-2DC5-47CA-A4EE-88048F79E857}.Release|Any CPU.Deploy.0 = Release|Any CPU
		{6C7721E6-2DC5-47CA-A4EE-88048F79E857}.Release|iPhone.ActiveCfg = Release|Any CPU
		{6C7721E6-2DC5-47CA-A4EE-88048F79E857}.Release|iPhone.Build.0 = Release|Any CPU
		{6C7721E6-2DC5-47CA-A4EE-88048F79E857}.Release|iPhone.Deploy.0 = Release|Any CPU
		{6C7721E6-2DC5-47CA-A4EE-88048F79E857}.Release|iPhoneSimulator.ActiveCfg = Release|Any CPU
		{6C7721E6-2DC5-47CA-A4EE-88048F79E857}.Release|iPhoneSimulator.Build.0 = Release|Any CPU
		{6C7721E6-2DC5-47CA-A4EE-88048F79E857}.Release|iPhoneSimulator.Deploy.0 = Release|Any CPU
		{D884C641-399D-4F6D-82A5-5C1B145BF913}.Debug|Any CPU.ActiveCfg = Debug|Any CPU
		{D884C641-399D-4F6D-82A5-5C1B145BF913}.Debug|Any CPU.Build.0 = Debug|Any CPU
		{D884C641-399D-4F6D-82A5-5C1B145BF913}.Debug|Any CPU.Deploy.0 = Debug|Any CPU
		{D884C641-399D-4F6D-82A5-5C1B145BF913}.Debug|iPhone.ActiveCfg = Debug|Any CPU
		{D884C641-399D-4F6D-82A5-5C1B145BF913}.Debug|iPhone.Build.0 = Debug|Any CPU
		{D884C641-399D-4F6D-82A5-5C1B145BF913}.Debug|iPhone.Deploy.0 = Debug|Any CPU
		{D884C641-399D-4F6D-82A5-5C1B145BF913}.Debug|iPhoneSimulator.ActiveCfg = Debug|Any CPU
		{D884C641-399D-4F6D-82A5-5C1B145BF913}.Debug|iPhoneSimulator.Build.0 = Debug|Any CPU
		{D884C641-399D-4F6D-82A5-5C1B145BF913}.Debug|iPhoneSimulator.Deploy.0 = Debug|Any CPU
		{D884C641-399D-4F6D-82A5-5C1B145BF913}.Release|Any CPU.ActiveCfg = Release|Any CPU
		{D884C641-399D-4F6D-82A5-5C1B145BF913}.Release|Any CPU.Build.0 = Release|Any CPU
		{D884C641-399D-4F6D-82A5-5C1B145BF913}.Release|Any CPU.Deploy.0 = Release|Any CPU
		{D884C641-399D-4F6D-82A5-5C1B145BF913}.Release|iPhone.ActiveCfg = Release|Any CPU
		{D884C641-399D-4F6D-82A5-5C1B145BF913}.Release|iPhone.Build.0 = Release|Any CPU
		{D884C641-399D-4F6D-82A5-5C1B145BF913}.Release|iPhone.Deploy.0 = Release|Any CPU
		{D884C641-399D-4F6D-82A5-5C1B145BF913}.Release|iPhoneSimulator.ActiveCfg = Release|Any CPU
		{D884C641-399D-4F6D-82A5-5C1B145BF913}.Release|iPhoneSimulator.Build.0 = Release|Any CPU
		{D884C641-399D-4F6D-82A5-5C1B145BF913}.Release|iPhoneSimulator.Deploy.0 = Release|Any CPU
		{28D8301B-F28A-43F6-9265-89B3A0326135}.Debug|Any CPU.ActiveCfg = Debug|Any CPU
		{28D8301B-F28A-43F6-9265-89B3A0326135}.Debug|Any CPU.Build.0 = Debug|Any CPU
		{28D8301B-F28A-43F6-9265-89B3A0326135}.Debug|Any CPU.Deploy.0 = Debug|Any CPU
		{28D8301B-F28A-43F6-9265-89B3A0326135}.Debug|iPhone.ActiveCfg = Debug|Any CPU
		{28D8301B-F28A-43F6-9265-89B3A0326135}.Debug|iPhone.Build.0 = Debug|Any CPU
		{28D8301B-F28A-43F6-9265-89B3A0326135}.Debug|iPhone.Deploy.0 = Debug|Any CPU
		{28D8301B-F28A-43F6-9265-89B3A0326135}.Debug|iPhoneSimulator.ActiveCfg = Debug|Any CPU
		{28D8301B-F28A-43F6-9265-89B3A0326135}.Debug|iPhoneSimulator.Build.0 = Debug|Any CPU
		{28D8301B-F28A-43F6-9265-89B3A0326135}.Debug|iPhoneSimulator.Deploy.0 = Debug|Any CPU
		{28D8301B-F28A-43F6-9265-89B3A0326135}.Release|Any CPU.ActiveCfg = Release|Any CPU
		{28D8301B-F28A-43F6-9265-89B3A0326135}.Release|Any CPU.Build.0 = Release|Any CPU
		{28D8301B-F28A-43F6-9265-89B3A0326135}.Release|Any CPU.Deploy.0 = Release|Any CPU
		{28D8301B-F28A-43F6-9265-89B3A0326135}.Release|iPhone.ActiveCfg = Release|Any CPU
		{28D8301B-F28A-43F6-9265-89B3A0326135}.Release|iPhone.Build.0 = Release|Any CPU
		{28D8301B-F28A-43F6-9265-89B3A0326135}.Release|iPhone.Deploy.0 = Release|Any CPU
		{28D8301B-F28A-43F6-9265-89B3A0326135}.Release|iPhoneSimulator.ActiveCfg = Release|Any CPU
		{28D8301B-F28A-43F6-9265-89B3A0326135}.Release|iPhoneSimulator.Build.0 = Release|Any CPU
		{28D8301B-F28A-43F6-9265-89B3A0326135}.Release|iPhoneSimulator.Deploy.0 = Release|Any CPU
	EndGlobalSection
	GlobalSection(SolutionProperties) = preSolution
		HideSolutionNode = FALSE
	EndGlobalSection
	GlobalSection(ExtensibilityGlobals) = postSolution
		SolutionGuid = {5FA4287F-C917-424C-B052-9B78F65B543A}
	EndGlobalSection
EndGlobal
