
Microsoft Visual Studio Solution File, Format Version 12.00
# Visual Studio Version 16
VisualStudioVersion = 16.0.29915.30
MinimumVisualStudioVersion = 10.0.40219.1
Project("{FAE04EC0-301F-11D3-BF4B-00C04F79EFBC}") = "App2.Android", "App2\App2.Android\App2.Android.csproj", "{43285FD7-6815-4AD2-A8A1-F1A2BECB0D3F}"
EndProject
Project("{FAE04EC0-301F-11D3-BF4B-00C04F79EFBC}") = "App2", "App2\App2\App2.csproj", "{A223DFB6-78CB-485B-9727-9DA95866B072}"
EndProject
Global
	GlobalSection(SolutionConfigurationPlatforms) = preSolution
		Debug|Any CPU = Debug|Any CPU
		Release|Any CPU = Release|Any CPU
	EndGlobalSection
	GlobalSection(ProjectConfigurationPlatforms) = postSolution
		{43285FD7-6815-4AD2-A8A1-F1A2BECB0D3F}.Debug|Any CPU.ActiveCfg = Debug|Any CPU
		{43285FD7-6815-4AD2-A8A1-F1A2BECB0D3F}.Debug|Any CPU.Build.0 = Debug|Any CPU
		{43285FD7-6815-4AD2-A8A1-F1A2BECB0D3F}.Debug|Any CPU.Deploy.0 = Debug|Any CPU
		{43285FD7-6815-4AD2-A8A1-F1A2BECB0D3F}.Release|Any CPU.ActiveCfg = Release|Any CPU
		{43285FD7-6815-4AD2-A8A1-F1A2BECB0D3F}.Release|Any CPU.Build.0 = Release|Any CPU
		{43285FD7-6815-4AD2-A8A1-F1A2BECB0D3F}.Release|Any CPU.Deploy.0 = Release|Any CPU
		{A223DFB6-78CB-485B-9727-9DA95866B072}.Debug|Any CPU.ActiveCfg = Debug|Any CPU
		{A223DFB6-78CB-485B-9727-9DA95866B072}.Debug|Any CPU.Build.0 = Debug|Any CPU
		{A223DFB6-78CB-485B-9727-9DA95866B072}.Debug|Any CPU.Deploy.0 = Debug|Any CPU
		{A223DFB6-78CB-485B-9727-9DA95866B072}.Release|Any CPU.ActiveCfg = Release|Any CPU
		{A223DFB6-78CB-485B-9727-9DA95866B072}.Release|Any CPU.Build.0 = Release|Any CPU
		{A223DFB6-78CB-485B-9727-9DA95866B072}.Release|Any CPU.Deploy.0 = Release|Any CPU
	EndGlobalSection
	GlobalSection(SolutionProperties) = preSolution
		HideSolutionNode = FALSE
	EndGlobalSection
	GlobalSection(ExtensibilityGlobals) = postSolution
		SolutionGuid = {B58AE2A9-CD19-437B-8042-4B44998B6A4E}
	EndGlobalSection
EndGlobal
