
Microsoft Visual Studio Solution File, Format Version 12.00
# Visual Studio Version 16
VisualStudioVersion = 16.0.31005.135
MinimumVisualStudioVersion = 10.0.40219.1
Project("{FAE04EC0-301F-11D3-BF4B-00C04F79EFBC}") = "App2", "App2\App2.csproj", "{19E70D3C-187C-4A06-B302-5FFE42C056B3}"
EndProject
Project("{FAE04EC0-301F-11D3-BF4B-00C04F79EFBC}") = "ClassLibrary1", "ClassLibrary1\ClassLibrary1.csproj", "{906E9460-D73B-4AD0-B8EC-81C29695BA50}"
EndProject
Project("{2150E333-8FDC-42A3-9474-1A3956D46DE8}") = "Solution Items", "Solution Items", "{00D232C9-2E95-496B-ACC4-68E826A5E892}"
	ProjectSection(SolutionItems) = preProject
		Directory.Build.props = Directory.Build.props
		Directory.Build.targets = Directory.Build.targets
		Directory.Packages.props = Directory.Packages.props
		global.json = global.json
	EndProjectSection
EndProject
Global
	GlobalSection(SolutionConfigurationPlatforms) = preSolution
		Debug|Any CPU = Debug|Any CPU
		Release|Any CPU = Release|Any CPU
	EndGlobalSection
	GlobalSection(ProjectConfigurationPlatforms) = postSolution
		{19E70D3C-187C-4A06-B302-5FFE42C056B3}.Debug|Any CPU.ActiveCfg = Debug|Any CPU
		{19E70D3C-187C-4A06-B302-5FFE42C056B3}.Debug|Any CPU.Build.0 = Debug|Any CPU
		{19E70D3C-187C-4A06-B302-5FFE42C056B3}.Debug|Any CPU.Deploy.0 = Debug|Any CPU
		{19E70D3C-187C-4A06-B302-5FFE42C056B3}.Release|Any CPU.ActiveCfg = Release|Any CPU
		{19E70D3C-187C-4A06-B302-5FFE42C056B3}.Release|Any CPU.Build.0 = Release|Any CPU
		{19E70D3C-187C-4A06-B302-5FFE42C056B3}.Release|Any CPU.Deploy.0 = Release|Any CPU
		{906E9460-D73B-4AD0-B8EC-81C29695BA50}.Debug|Any CPU.ActiveCfg = Debug|Any CPU
		{906E9460-D73B-4AD0-B8EC-81C29695BA50}.Debug|Any CPU.Build.0 = Debug|Any CPU
		{906E9460-D73B-4AD0-B8EC-81C29695BA50}.Release|Any CPU.ActiveCfg = Release|Any CPU
		{906E9460-D73B-4AD0-B8EC-81C29695BA50}.Release|Any CPU.Build.0 = Release|Any CPU
	EndGlobalSection
	GlobalSection(SolutionProperties) = preSolution
		HideSolutionNode = FALSE
	EndGlobalSection
	GlobalSection(ExtensibilityGlobals) = postSolution
		SolutionGuid = {0B04D36F-58BD-4938-898C-D31003B791D3}
	EndGlobalSection
EndGlobal
