
Microsoft Visual Studio Solution File, Format Version 12.00
# Visual Studio Version 16
VisualStudioVersion = 16.0.31005.135
MinimumVisualStudioVersion = 10.0.40219.1
Project("{9A19103F-16F7-4668-BE54-9A1E7A4F7556}") = "ClassLibrary1", "ClassLibrary1\ClassLibrary1.csproj", "{906E9460-D73B-4AD0-B8EC-81C29695BA50}"
EndProject
Global
	GlobalSection(SolutionConfigurationPlatforms) = preSolution
		Debug|Any CPU = Debug|Any CPU
		Release|Any CPU = Release|Any CPU
	EndGlobalSection
	GlobalSection(ProjectConfigurationPlatforms) = postSolution
		{906E9460-D73B-4AD0-B8EC-81C29695BA50}.Debug|Any CPU.ActiveCfg = Debug|Any CPU
		{906E9460-D73B-4AD0-B8EC-81C29695BA50}.Debug|Any CPU.Build.0 = Debug|Any CPU
		{906E9460-D73B-4AD0-B8EC-81C29695BA50}.Release|Any CPU.ActiveCfg = Release|Any CPU
		{906E9460-D73B-4AD0-B8EC-81C29695BA50}.Release|Any CPU.Build.0 = Release|Any CPU
	EndGlobalSection
	GlobalSection(SolutionProperties) = preSolution
		HideSolutionNode = FALSE
	EndGlobalSection
	GlobalSection(ExtensibilityGlobals) = postSolution
		SolutionGuid = {0B04D36F-58BD-4938-898C-D31003B791D3}
	EndGlobalSection
EndGlobal
