
Microsoft Visual Studio Solution File, Format Version 12.00
# Visual Studio Version 16
VisualStudioVersion = 16.0.30114.105
MinimumVisualStudioVersion = 10.0.40219.1
Project("{FAE04EC0-301F-11D3-BF4B-00C04F79EFBC}") = "App3", "App3\App3.csproj", "{8777B0B8-76C9-40F2-ADF6-49675E7EB3AD}"
EndProject
Global
	GlobalSection(SolutionConfigurationPlatforms) = preSolution
		Debug|Any CPU = Debug|Any CPU
		Release|Any CPU = Release|Any CPU
	EndGlobalSection
	GlobalSection(ProjectConfigurationPlatforms) = postSolution
		{8777B0B8-76C9-40F2-ADF6-49675E7EB3AD}.Debug|Any CPU.ActiveCfg = Debug|Any CPU
		{8777B0B8-76C9-40F2-ADF6-49675E7EB3AD}.Debug|Any CPU.Build.0 = Debug|Any CPU
		{8777B0B8-76C9-40F2-ADF6-49675E7EB3AD}.Debug|Any CPU.Deploy.0 = Debug|Any CPU
		{8777B0B8-76C9-40F2-ADF6-49675E7EB3AD}.Release|Any CPU.ActiveCfg = Release|Any CPU
		{8777B0B8-76C9-40F2-ADF6-49675E7EB3AD}.Release|Any CPU.Build.0 = Release|Any CPU
		{8777B0B8-76C9-40F2-ADF6-49675E7EB3AD}.Release|Any CPU.Deploy.0 = Release|Any CPU
	EndGlobalSection
	GlobalSection(SolutionProperties) = preSolution
		HideSolutionNode = FALSE
	EndGlobalSection
	GlobalSection(ExtensibilityGlobals) = postSolution
		SolutionGuid = {C1B3FBEE-6EAF-4A54-BD9A-4B7791D18897}
	EndGlobalSection
EndGlobal
