
Microsoft Visual Studio Solution File, Format Version 12.00
# Visual Studio Version 16
VisualStudioVersion = 16.0.808.6
MinimumVisualStudioVersion = 10.0.40219.1
Project("{FAE04EC0-301F-11D3-BF4B-00C04F79EFBC}") = "MyApp2", "MyApp2\MyApp2.csproj", "{01036EC8-68BC-4390-BA42-A0E170D02CB6}"
EndProject
Project("{FAE04EC0-301F-11D3-BF4B-00C04F79EFBC}") = "MyLib", "MyLib\MyLib.csproj", "{D8D5C526-5156-4652-9C9E-8FC3C9F2F752}"
EndProject
Global
	GlobalSection(SolutionConfigurationPlatforms) = preSolution
		Debug|Any CPU = Debug|Any CPU
		Release|Any CPU = Release|Any CPU
	EndGlobalSection
	GlobalSection(ProjectConfigurationPlatforms) = postSolution
		{01036EC8-68BC-4390-BA42-A0E170D02CB6}.Debug|Any CPU.ActiveCfg = Debug|Any CPU
		{01036EC8-68BC-4390-BA42-A0E170D02CB6}.Debug|Any CPU.Build.0 = Debug|Any CPU
		{01036EC8-68BC-4390-BA42-A0E170D02CB6}.Release|Any CPU.ActiveCfg = Release|Any CPU
		{01036EC8-68BC-4390-BA42-A0E170D02CB6}.Release|Any CPU.Build.0 = Release|Any CPU
		{D8D5C526-5156-4652-9C9E-8FC3C9F2F752}.Debug|Any CPU.ActiveCfg = Debug|Any CPU
		{D8D5C526-5156-4652-9C9E-8FC3C9F2F752}.Debug|Any CPU.Build.0 = Debug|Any CPU
		{D8D5C526-5156-4652-9C9E-8FC3C9F2F752}.Release|Any CPU.ActiveCfg = Release|Any CPU
		{D8D5C526-5156-4652-9C9E-8FC3C9F2F752}.Release|Any CPU.Build.0 = Release|Any CPU
	EndGlobalSection
	GlobalSection(SolutionProperties) = preSolution
		HideSolutionNode = FALSE
	EndGlobalSection
	GlobalSection(ExtensibilityGlobals) = postSolution
		SolutionGuid = {B231B822-168B-4EAE-9A4E-FB1D02AEB9C2}
	EndGlobalSection
EndGlobal
