
Microsoft Visual Studio Solution File, Format Version 12.00
# Visual Studio Version 16
VisualStudioVersion = 16.0.30011.22
MinimumVisualStudioVersion = 10.0.40219.1
Project("{FAE04EC0-301F-11D3-BF4B-00C04F79EFBC}") = "Demo", "Demo.csproj", "{FA397C46-5906-49A9-9A46-718F24EC9607}"
EndProject
Global
	GlobalSection(SolutionConfigurationPlatforms) = preSolution
		Debug|Any CPU = Debug|Any CPU
		Release|Any CPU = Release|Any CPU
	EndGlobalSection
	GlobalSection(ProjectConfigurationPlatforms) = postSolution
		{FA397C46-5906-49A9-9A46-718F24EC9607}.Debug|Any CPU.ActiveCfg = Debug|Any CPU
		{FA397C46-5906-49A9-9A46-718F24EC9607}.Debug|Any CPU.Build.0 = Debug|Any CPU
		{FA397C46-5906-49A9-9A46-718F24EC9607}.Debug|Any CPU.Deploy.0 = Debug|Any CPU
		{FA397C46-5906-49A9-9A46-718F24EC9607}.Release|Any CPU.ActiveCfg = Release|Any CPU
		{FA397C46-5906-49A9-9A46-718F24EC9607}.Release|Any CPU.Build.0 = Release|Any CPU
		{FA397C46-5906-49A9-9A46-718F24EC9607}.Release|Any CPU.Deploy.0 = Release|Any CPU
	EndGlobalSection
	GlobalSection(SolutionProperties) = preSolution
		HideSolutionNode = FALSE
	EndGlobalSection
	GlobalSection(ExtensibilityGlobals) = postSolution
		SolutionGuid = {355E108B-81A1-4D6D-B764-731679157CF6}
	EndGlobalSection
EndGlobal
